
Microsoft Visual Studio Solution File, Format Version 12.00
# Visual Studio Version 16
VisualStudioVersion = 16.0.30413.136
MinimumVisualStudioVersion = 10.0.40219.1
Project("{9A19103F-16F7-4668-BE54-9A1E7A4F7556}") = "VirtualWalletApi", "VirtualWalletApi.csproj", "{F4AEF38C-96AA-4EBD-9F34-F4EA8F92E042}"
EndProject
Project("{FAE04EC0-301F-11D3-BF4B-00C04F79EFBC}") = "VirtualWallet.Testing", "..\VirtualWallet.Testing\VirtualWallet.Testing.csproj", "{06BE794F-C36B-437E-832D-0718D430430D}"
EndProject
Global
	GlobalSection(SolutionConfigurationPlatforms) = preSolution
		Debug|Any CPU = Debug|Any CPU
		Release|Any CPU = Release|Any CPU
	EndGlobalSection
	GlobalSection(ProjectConfigurationPlatforms) = postSolution
		{F4AEF38C-96AA-4EBD-9F34-F4EA8F92E042}.Debug|Any CPU.ActiveCfg = Debug|Any CPU
		{F4AEF38C-96AA-4EBD-9F34-F4EA8F92E042}.Debug|Any CPU.Build.0 = Debug|Any CPU
		{F4AEF38C-96AA-4EBD-9F34-F4EA8F92E042}.Release|Any CPU.ActiveCfg = Release|Any CPU
		{F4AEF38C-96AA-4EBD-9F34-F4EA8F92E042}.Release|Any CPU.Build.0 = Release|Any CPU
		{06BE794F-C36B-437E-832D-0718D430430D}.Debug|Any CPU.ActiveCfg = Debug|Any CPU
		{06BE794F-C36B-437E-832D-0718D430430D}.Debug|Any CPU.Build.0 = Debug|Any CPU
		{06BE794F-C36B-437E-832D-0718D430430D}.Release|Any CPU.ActiveCfg = Release|Any CPU
		{06BE794F-C36B-437E-832D-0718D430430D}.Release|Any CPU.Build.0 = Release|Any CPU
	EndGlobalSection
	GlobalSection(SolutionProperties) = preSolution
		HideSolutionNode = FALSE
	EndGlobalSection
	GlobalSection(ExtensibilityGlobals) = postSolution
		SolutionGuid = {FDF0A9BF-B2FC-4289-AD11-C4E8C6DB89A1}
	EndGlobalSection
EndGlobal
